
Microsoft Visual Studio Solution File, Format Version 12.00
# Visual Studio 15
VisualStudioVersion = 15.0.27428.2037
MinimumVisualStudioVersion = 10.0.40219.1
Project("{FAE04EC0-301F-11D3-BF4B-00C04F79EFBC}") = "01.NumbersFrom1To100", "01.NumbersFrom1To100\01.NumbersFrom1To100.csproj", "{4909C7C4-3807-4CDA-AFDA-C9D4F86240C9}"
EndProject
Project("{FAE04EC0-301F-11D3-BF4B-00C04F79EFBC}") = "02.NumbersEndingIn7", "02.NumbersEndingIn7\02.NumbersEndingIn7.csproj", "{9A35021D-CC77-48CD-8F03-9082DBA73124}"
EndProject
Project("{FAE04EC0-301F-11D3-BF4B-00C04F79EFBC}") = "03.LatinLetters", "03.LatinLetters\03.LatinLetters.csproj", "{4C0767F0-8DF8-484C-9951-BC22ABC47FD6}"
EndProject
Project("{FAE04EC0-301F-11D3-BF4B-00C04F79EFBC}") = "04.SumNumbers", "04.SumNumbers\04.SumNumbers.csproj", "{6677E39C-338A-4973-8D1F-B53FA30A2B4B}"
EndProject
Project("{FAE04EC0-301F-11D3-BF4B-00C04F79EFBC}") = "05.MaxNumber", "05.MaxNumber\05.MaxNumber.csproj", "{C7172AAD-9EA9-4014-A4F3-1AB7CEBACD05}"
EndProject
Project("{FAE04EC0-301F-11D3-BF4B-00C04F79EFBC}") = "06.MinNumber", "06.MinNumber\06.MinNumber.csproj", "{793323CB-8485-4F02-BC2C-D234B3BABECA}"
EndProject
Project("{FAE04EC0-301F-11D3-BF4B-00C04F79EFBC}") = "07.LeftAndRightSum", "07.LeftAndRightSum\07.LeftAndRightSum.csproj", "{5761B304-2C31-4D56-8AEF-B32C8F781B22}"
EndProject
Project("{FAE04EC0-301F-11D3-BF4B-00C04F79EFBC}") = "08.OddEvenSum", "08.OddEvenSum\08.OddEvenSum.csproj", "{B9CBB194-242E-4AAC-BFDF-EACE7C6B0BC1}"
EndProject
Project("{FAE04EC0-301F-11D3-BF4B-00C04F79EFBC}") = "09.VowelsSum", "09.VowelsSum\09.VowelsSum.csproj", "{8909B96A-086B-4974-8D64-2A6330C5B29D}"
EndProject
Project("{FAE04EC0-301F-11D3-BF4B-00C04F79EFBC}") = "10.HalfSum", "10.HalfSum\10.HalfSum.csproj", "{3A053B75-ADF0-4B06-BE8D-7826D4B7C0F8}"
EndProject
Global
	GlobalSection(SolutionConfigurationPlatforms) = preSolution
		Debug|Any CPU = Debug|Any CPU
		Release|Any CPU = Release|Any CPU
	EndGlobalSection
	GlobalSection(ProjectConfigurationPlatforms) = postSolution
		{4909C7C4-3807-4CDA-AFDA-C9D4F86240C9}.Debug|Any CPU.ActiveCfg = Debug|Any CPU
		{4909C7C4-3807-4CDA-AFDA-C9D4F86240C9}.Debug|Any CPU.Build.0 = Debug|Any CPU
		{4909C7C4-3807-4CDA-AFDA-C9D4F86240C9}.Release|Any CPU.ActiveCfg = Release|Any CPU
		{4909C7C4-3807-4CDA-AFDA-C9D4F86240C9}.Release|Any CPU.Build.0 = Release|Any CPU
		{9A35021D-CC77-48CD-8F03-9082DBA73124}.Debug|Any CPU.ActiveCfg = Debug|Any CPU
		{9A35021D-CC77-48CD-8F03-9082DBA73124}.Debug|Any CPU.Build.0 = Debug|Any CPU
		{9A35021D-CC77-48CD-8F03-9082DBA73124}.Release|Any CPU.ActiveCfg = Release|Any CPU
		{9A35021D-CC77-48CD-8F03-9082DBA73124}.Release|Any CPU.Build.0 = Release|Any CPU
		{4C0767F0-8DF8-484C-9951-BC22ABC47FD6}.Debug|Any CPU.ActiveCfg = Debug|Any CPU
		{4C0767F0-8DF8-484C-9951-BC22ABC47FD6}.Debug|Any CPU.Build.0 = Debug|Any CPU
		{4C0767F0-8DF8-484C-9951-BC22ABC47FD6}.Release|Any CPU.ActiveCfg = Release|Any CPU
		{4C0767F0-8DF8-484C-9951-BC22ABC47FD6}.Release|Any CPU.Build.0 = Release|Any CPU
		{6677E39C-338A-4973-8D1F-B53FA30A2B4B}.Debug|Any CPU.ActiveCfg = Debug|Any CPU
		{6677E39C-338A-4973-8D1F-B53FA30A2B4B}.Debug|Any CPU.Build.0 = Debug|Any CPU
		{6677E39C-338A-4973-8D1F-B53FA30A2B4B}.Release|Any CPU.ActiveCfg = Release|Any CPU
		{6677E39C-338A-4973-8D1F-B53FA30A2B4B}.Release|Any CPU.Build.0 = Release|Any CPU
		{C7172AAD-9EA9-4014-A4F3-1AB7CEBACD05}.Debug|Any CPU.ActiveCfg = Debug|Any CPU
		{C7172AAD-9EA9-4014-A4F3-1AB7CEBACD05}.Debug|Any CPU.Build.0 = Debug|Any CPU
		{C7172AAD-9EA9-4014-A4F3-1AB7CEBACD05}.Release|Any CPU.ActiveCfg = Release|Any CPU
		{C7172AAD-9EA9-4014-A4F3-1AB7CEBACD05}.Release|Any CPU.Build.0 = Release|Any CPU
		{793323CB-8485-4F02-BC2C-D234B3BABECA}.Debug|Any CPU.ActiveCfg = Debug|Any CPU
		{793323CB-8485-4F02-BC2C-D234B3BABECA}.Debug|Any CPU.Build.0 = Debug|Any CPU
		{793323CB-8485-4F02-BC2C-D234B3BABECA}.Release|Any CPU.ActiveCfg = Release|Any CPU
		{793323CB-8485-4F02-BC2C-D234B3BABECA}.Release|Any CPU.Build.0 = Release|Any CPU
		{5761B304-2C31-4D56-8AEF-B32C8F781B22}.Debug|Any CPU.ActiveCfg = Debug|Any CPU
		{5761B304-2C31-4D56-8AEF-B32C8F781B22}.Debug|Any CPU.Build.0 = Debug|Any CPU
		{5761B304-2C31-4D56-8AEF-B32C8F781B22}.Release|Any CPU.ActiveCfg = Release|Any CPU
		{5761B304-2C31-4D56-8AEF-B32C8F781B22}.Release|Any CPU.Build.0 = Release|Any CPU
		{B9CBB194-242E-4AAC-BFDF-EACE7C6B0BC1}.Debug|Any CPU.ActiveCfg = Debug|Any CPU
		{B9CBB194-242E-4AAC-BFDF-EACE7C6B0BC1}.Debug|Any CPU.Build.0 = Debug|Any CPU
		{B9CBB194-242E-4AAC-BFDF-EACE7C6B0BC1}.Release|Any CPU.ActiveCfg = Release|Any CPU
		{B9CBB194-242E-4AAC-BFDF-EACE7C6B0BC1}.Release|Any CPU.Build.0 = Release|Any CPU
		{8909B96A-086B-4974-8D64-2A6330C5B29D}.Debug|Any CPU.ActiveCfg = Debug|Any CPU
		{8909B96A-086B-4974-8D64-2A6330C5B29D}.Debug|Any CPU.Build.0 = Debug|Any CPU
		{8909B96A-086B-4974-8D64-2A6330C5B29D}.Release|Any CPU.ActiveCfg = Release|Any CPU
		{8909B96A-086B-4974-8D64-2A6330C5B29D}.Release|Any CPU.Build.0 = Release|Any CPU
		{3A053B75-ADF0-4B06-BE8D-7826D4B7C0F8}.Debug|Any CPU.ActiveCfg = Debug|Any CPU
		{3A053B75-ADF0-4B06-BE8D-7826D4B7C0F8}.Debug|Any CPU.Build.0 = Debug|Any CPU
		{3A053B75-ADF0-4B06-BE8D-7826D4B7C0F8}.Release|Any CPU.ActiveCfg = Release|Any CPU
		{3A053B75-ADF0-4B06-BE8D-7826D4B7C0F8}.Release|Any CPU.Build.0 = Release|Any CPU
	EndGlobalSection
	GlobalSection(SolutionProperties) = preSolution
		HideSolutionNode = FALSE
	EndGlobalSection
	GlobalSection(ExtensibilityGlobals) = postSolution
		SolutionGuid = {9E820929-5A20-4AC0-91DB-0D365D160ECC}
	EndGlobalSection
EndGlobal
